// !$*UTF8*$!
{
	archiveVersion = 1;
	classes = {
	};
	objectVersion = 50;
	objects = {

/* Begin PBXBuildFile section */
		378358162FD9289D91F2042B /* libPods-Z_Demo.a in Frameworks */ = {isa = PBXBuildFile; fileRef = F0470C06BD651F4DD960F882 /* libPods-Z_Demo.a */; };
		895DBD3A22278447004964DD /* AppDelegate.m in Sources */ = {isa = PBXBuildFile; fileRef = 895DBD3922278447004964DD /* AppDelegate.m */; };
		895DBD3D22278447004964DD /* ViewController.m in Sources */ = {isa = PBXBuildFile; fileRef = 895DBD3C22278447004964DD /* ViewController.m */; };
		895DBD4022278447004964DD /* Main.storyboard in Resources */ = {isa = PBXBuildFile; fileRef = 895DBD3E22278447004964DD /* Main.storyboard */; };
		895DBD4222278448004964DD /* Assets.xcassets in Resources */ = {isa = PBXBuildFile; fileRef = 895DBD4122278448004964DD /* Assets.xcassets */; };
		895DBD4522278448004964DD /* LaunchScreen.storyboard in Resources */ = {isa = PBXBuildFile; fileRef = 895DBD4322278448004964DD /* LaunchScreen.storyboard */; };
		895DBD4822278448004964DD /* main.m in Sources */ = {isa = PBXBuildFile; fileRef = 895DBD4722278448004964DD /* main.m */; };
		895DBD5222278448004964DD /* Z_DemoTests.m in Sources */ = {isa = PBXBuildFile; fileRef = 895DBD5122278448004964DD /* Z_DemoTests.m */; };
		895DBD5D22278448004964DD /* Z_DemoUITests.m in Sources */ = {isa = PBXBuildFile; fileRef = 895DBD5C22278448004964DD /* Z_DemoUITests.m */; };
/* End PBXBuildFile section */

/* Begin PBXContainerItemProxy section */
		895DBD4E22278448004964DD /* PBXContainerItemProxy */ = {
			isa = PBXContainerItemProxy;
			containerPortal = 895DBD2D22278447004964DD /* Project object */;
			proxyType = 1;
			remoteGlobalIDString = 895DBD3422278447004964DD;
			remoteInfo = Z_Demo;
		};
		895DBD5922278448004964DD /* PBXContainerItemProxy */ = {
			isa = PBXContainerItemProxy;
			containerPortal = 895DBD2D22278447004964DD /* Project object */;
			proxyType = 1;
			remoteGlobalIDString = 895DBD3422278447004964DD;
			remoteInfo = Z_Demo;
		};
/* End PBXContainerItemProxy section */

/* Begin PBXFileReference section */
		399CE5A72409CCB8BCBFD4FA /* Pods-Z_Demo.debug.xcconfig */ = {isa = PBXFileReference; includeInIndex = 1; lastKnownFileType = text.xcconfig; name = "Pods-Z_Demo.debug.xcconfig"; path = "Pods/Target Support Files/Pods-Z_Demo/Pods-Z_Demo.debug.xcconfig"; sourceTree = "<group>"; };
		895DBD3522278447004964DD /* Z_Demo.app */ = {isa = PBXFileReference; explicitFileType = wrapper.application; includeInIndex = 0; path = Z_Demo.app; sourceTree = BUILT_PRODUCTS_DIR; };
		895DBD3822278447004964DD /* AppDelegate.h */ = {isa = PBXFileReference; lastKnownFileType = sourcecode.c.h; path = AppDelegate.h; sourceTree = "<group>"; };
		895DBD3922278447004964DD /* AppDelegate.m */ = {isa = PBXFileReference; lastKnownFileType = sourcecode.c.objc; path = AppDelegate.m; sourceTree = "<group>"; };
		895DBD3B22278447004964DD /* ViewController.h */ = {isa = PBXFileReference; lastKnownFileType = sourcecode.c.h; path = ViewController.h; sourceTree = "<group>"; };
		895DBD3C22278447004964DD /* ViewController.m */ = {isa = PBXFileReference; lastKnownFileType = sourcecode.c.objc; path = ViewController.m; sourceTree = "<group>"; };
		895DBD3F22278447004964DD /* Base */ = {isa = PBXFileReference; lastKnownFileType = file.storyboard; name = Base; path = Base.lproj/Main.storyboard; sourceTree = "<group>"; };
		895DBD4122278448004964DD /* Assets.xcassets */ = {isa = PBXFileReference; lastKnownFileType = folder.assetcatalog; path = Assets.xcassets; sourceTree = "<group>"; };
		895DBD4422278448004964DD /* Base */ = {isa = PBXFileReference; lastKnownFileType = file.storyboard; name = Base; path = Base.lproj/LaunchScreen.storyboard; sourceTree = "<group>"; };
		895DBD4622278448004964DD /* Info.plist */ = {isa = PBXFileReference; lastKnownFileType = text.plist.xml; path = Info.plist; sourceTree = "<group>"; };
		895DBD4722278448004964DD /* main.m */ = {isa = PBXFileReference; lastKnownFileType = sourcecode.c.objc; path = main.m; sourceTree = "<group>"; };
		895DBD4D22278448004964DD /* Z_DemoTests.xctest */ = {isa = PBXFileReference; explicitFileType = wrapper.cfbundle; includeInIndex = 0; path = Z_DemoTests.xctest; sourceTree = BUILT_PRODUCTS_DIR; };
		895DBD5122278448004964DD /* Z_DemoTests.m */ = {isa = PBXFileReference; lastKnownFileType = sourcecode.c.objc; path = Z_DemoTests.m; sourceTree = "<group>"; };
		895DBD5322278448004964DD /* Info.plist */ = {isa = PBXFileReference; lastKnownFileType = text.plist.xml; path = Info.plist; sourceTree = "<group>"; };
		895DBD5822278448004964DD /* Z_DemoUITests.xctest */ = {isa = PBXFileReference; explicitFileType = wrapper.cfbundle; includeInIndex = 0; path = Z_DemoUITests.xctest; sourceTree = BUILT_PRODUCTS_DIR; };
		895DBD5C22278448004964DD /* Z_DemoUITests.m */ = {isa = PBXFileReference; lastKnownFileType = sourcecode.c.objc; path = Z_DemoUITests.m; sourceTree = "<group>"; };
		895DBD5E22278448004964DD /* Info.plist */ = {isa = PBXFileReference; lastKnownFileType = text.plist.xml; path = Info.plist; sourceTree = "<group>"; };
		AD5E5B06564CE36273991689 /* libPods-Z_DemoUITests.a */ = {isa = PBXFileReference; explicitFileType = archive.ar; includeInIndex = 0; path = "libPods-Z_DemoUITests.a"; sourceTree = BUILT_PRODUCTS_DIR; };
		AE0EE8EF365A265A0D346F0F /* libPods-Z_DemoTests.a */ = {isa = PBXFileReference; explicitFileType = archive.ar; includeInIndex = 0; path = "libPods-Z_DemoTests.a"; sourceTree = BUILT_PRODUCTS_DIR; };
		B8A755E2FC82B79CD9604E74 /* Pods-Z_Demo.release.xcconfig */ = {isa = PBXFileReference; includeInIndex = 1; lastKnownFileType = text.xcconfig; name = "Pods-Z_Demo.release.xcconfig"; path = "Pods/Target Support Files/Pods-Z_Demo/Pods-Z_Demo.release.xcconfig"; sourceTree = "<group>"; };
		F0470C06BD651F4DD960F882 /* libPods-Z_Demo.a */ = {isa = PBXFileReference; explicitFileType = archive.ar; includeInIndex = 0; path = "libPods-Z_Demo.a"; sourceTree = BUILT_PRODUCTS_DIR; };
/* End PBXFileReference section */

/* Begin PBXFrameworksBuildPhase section */
		895DBD3222278447004964DD /* Frameworks */ = {
			isa = PBXFrameworksBuildPhase;
			buildActionMask = 2147483647;
			files = (
				378358162FD9289D91F2042B /* libPods-Z_Demo.a in Frameworks */,
			);
			runOnlyForDeploymentPostprocessing = 0;
		};
		895DBD4A22278448004964DD /* Frameworks */ = {
			isa = PBXFrameworksBuildPhase;
			buildActionMask = 2147483647;
			files = (
			);
			runOnlyForDeploymentPostprocessing = 0;
		};
		895DBD5522278448004964DD /* Frameworks */ = {
			isa = PBXFrameworksBuildPhase;
			buildActionMask = 2147483647;
			files = (
			);
			runOnlyForDeploymentPostprocessing = 0;
		};
/* End PBXFrameworksBuildPhase section */

/* Begin PBXGroup section */
		0A3B7FDA8DBD16B692FDCB95 /* Frameworks */ = {
			isa = PBXGroup;
			children = (
				F0470C06BD651F4DD960F882 /* libPods-Z_Demo.a */,
				AE0EE8EF365A265A0D346F0F /* libPods-Z_DemoTests.a */,
				AD5E5B06564CE36273991689 /* libPods-Z_DemoUITests.a */,
			);
			name = Frameworks;
			sourceTree = "<group>";
		};
		895DBD2C22278447004964DD = {
			isa = PBXGroup;
			children = (
				895DBD3722278447004964DD /* Z_Demo */,
				895DBD5022278448004964DD /* Z_DemoTests */,
				895DBD5B22278448004964DD /* Z_DemoUITests */,
				895DBD3622278447004964DD /* Products */,
				8C04E211236F1BA5B2E27328 /* Pods */,
				0A3B7FDA8DBD16B692FDCB95 /* Frameworks */,
			);
			sourceTree = "<group>";
		};
		895DBD3622278447004964DD /* Products */ = {
			isa = PBXGroup;
			children = (
				895DBD3522278447004964DD /* Z_Demo.app */,
				895DBD4D22278448004964DD /* Z_DemoTests.xctest */,
				895DBD5822278448004964DD /* Z_DemoUITests.xctest */,
			);
			name = Products;
			sourceTree = "<group>";
		};
		895DBD3722278447004964DD /* Z_Demo */ = {
			isa = PBXGroup;
			children = (
				895DBD3822278447004964DD /* AppDelegate.h */,
				895DBD3922278447004964DD /* AppDelegate.m */,
				895DBD3B22278447004964DD /* ViewController.h */,
				895DBD3C22278447004964DD /* ViewController.m */,
				895DBD3E22278447004964DD /* Main.storyboard */,
				895DBD4122278448004964DD /* Assets.xcassets */,
				895DBD4322278448004964DD /* LaunchScreen.storyboard */,
				895DBD4622278448004964DD /* Info.plist */,
				895DBD4722278448004964DD /* main.m */,
			);
			path = Z_Demo;
			sourceTree = "<group>";
		};
		895DBD5022278448004964DD /* Z_DemoTests */ = {
			isa = PBXGroup;
			children = (
				895DBD5122278448004964DD /* Z_DemoTests.m */,
				895DBD5322278448004964DD /* Info.plist */,
			);
			path = Z_DemoTests;
			sourceTree = "<group>";
		};
		895DBD5B22278448004964DD /* Z_DemoUITests */ = {
			isa = PBXGroup;
			children = (
				895DBD5C22278448004964DD /* Z_DemoUITests.m */,
				895DBD5E22278448004964DD /* Info.plist */,
			);
			path = Z_DemoUITests;
			sourceTree = "<group>";
		};
		8C04E211236F1BA5B2E27328 /* Pods */ = {
			isa = PBXGroup;
			children = (
				399CE5A72409CCB8BCBFD4FA /* Pods-Z_Demo.debug.xcconfig */,
				B8A755E2FC82B79CD9604E74 /* Pods-Z_Demo.release.xcconfig */,
			);
			name = Pods;
			sourceTree = "<group>";
		};
/* End PBXGroup section */

/* Begin PBXNativeTarget section */
		895DBD3422278447004964DD /* Z_Demo */ = {
			isa = PBXNativeTarget;
			buildConfigurationList = 895DBD6122278448004964DD /* Build configuration list for PBXNativeTarget "Z_Demo" */;
			buildPhases = (
				55AD9AFB8F65229153B3AD36 /* [CP] Check Pods Manifest.lock */,
				895DBD3122278447004964DD /* Sources */,
				895DBD3222278447004964DD /* Frameworks */,
				895DBD3322278447004964DD /* Resources */,
			);
			buildRules = (
			);
			dependencies = (
			);
			name = Z_Demo;
			productName = Z_Demo;
			productReference = 895DBD3522278447004964DD /* Z_Demo.app */;
			productType = "com.apple.product-type.application";
		};
		895DBD4C22278448004964DD /* Z_DemoTests */ = {
			isa = PBXNativeTarget;
			buildConfigurationList = 895DBD6422278448004964DD /* Build configuration list for PBXNativeTarget "Z_DemoTests" */;
			buildPhases = (
				895DBD4922278448004964DD /* Sources */,
				895DBD4A22278448004964DD /* Frameworks */,
				895DBD4B22278448004964DD /* Resources */,
			);
			buildRules = (
			);
			dependencies = (
				895DBD4F22278448004964DD /* PBXTargetDependency */,
			);
			name = Z_DemoTests;
			productName = Z_DemoTests;
			productReference = 895DBD4D22278448004964DD /* Z_DemoTests.xctest */;
			productType = "com.apple.product-type.bundle.unit-test";
		};
		895DBD5722278448004964DD /* Z_DemoUITests */ = {
			isa = PBXNativeTarget;
			buildConfigurationList = 895DBD6722278448004964DD /* Build configuration list for PBXNativeTarget "Z_DemoUITests" */;
			buildPhases = (
				895DBD5422278448004964DD /* Sources */,
				895DBD5522278448004964DD /* Frameworks */,
				895DBD5622278448004964DD /* Resources */,
			);
			buildRules = (
			);
			dependencies = (
				895DBD5A22278448004964DD /* PBXTargetDependency */,
			);
			name = Z_DemoUITests;
			productName = Z_DemoUITests;
			productReference = 895DBD5822278448004964DD /* Z_DemoUITests.xctest */;
			productType = "com.apple.product-type.bundle.ui-testing";
		};
/* End PBXNativeTarget section */

/* Begin PBXProject section */
		895DBD2D22278447004964DD /* Project object */ = {
			isa = PBXProject;
			attributes = {
				LastUpgradeCheck = 1010;
				ORGANIZATIONNAME = lxy;
				TargetAttributes = {
					895DBD3422278447004964DD = {
						CreatedOnToolsVersion = 10.1;
					};
					895DBD4C22278448004964DD = {
						CreatedOnToolsVersion = 10.1;
						TestTargetID = 895DBD3422278447004964DD;
					};
					895DBD5722278448004964DD = {
						CreatedOnToolsVersion = 10.1;
						TestTargetID = 895DBD3422278447004964DD;
					};
				};
			};
			buildConfigurationList = 895DBD3022278447004964DD /* Build configuration list for PBXProject "Z_Demo" */;
			compatibilityVersion = "Xcode 9.3";
			developmentRegion = en;
			hasScannedForEncodings = 0;
			knownRegions = (
				en,
				Base,
			);
			mainGroup = 895DBD2C22278447004964DD;
			productRefGroup = 895DBD3622278447004964DD /* Products */;
			projectDirPath = "";
			projectRoot = "";
			targets = (
				895DBD3422278447004964DD /* Z_Demo */,
				895DBD4C22278448004964DD /* Z_DemoTests */,
				895DBD5722278448004964DD /* Z_DemoUITests */,
			);
		};
/* End PBXProject section */

/* Begin PBXResourcesBuildPhase section */
		895DBD3322278447004964DD /* Resources */ = {
			isa = PBXResourcesBuildPhase;
			buildActionMask = 2147483647;
			files = (
				895DBD4522278448004964DD /* LaunchScreen.storyboard in Resources */,
				895DBD4222278448004964DD /* Assets.xcassets in Resources */,
				895DBD4022278447004964DD /* Main.storyboard in Resources */,
			);
			runOnlyForDeploymentPostprocessing = 0;
		};
		895DBD4B22278448004964DD /* Resources */ = {
			isa = PBXResourcesBuildPhase;
			buildActionMask = 2147483647;
			files = (
			);
			runOnlyForDeploymentPostprocessing = 0;
		};
		895DBD5622278448004964DD /* Resources */ = {
			isa = PBXResourcesBuildPhase;
			buildActionMask = 2147483647;
			files = (
			);
			runOnlyForDeploymentPostprocessing = 0;
		};
/* End PBXResourcesBuildPhase section */

/* Begin PBXShellScriptBuildPhase section */
		55AD9AFB8F65229153B3AD36 /* [CP] Check Pods Manifest.lock */ = {
			isa = PBXShellScriptBuildPhase;
			buildActionMask = 2147483647;
			files = (
			);
			inputPaths = (
				"${PODS_PODFILE_DIR_PATH}/Podfile.lock",
				"${PODS_ROOT}/Manifest.lock",
			);
			name = "[CP] Check Pods Manifest.lock";
			outputPaths = (
				"$(DERIVED_FILE_DIR)/Pods-Z_Demo-checkManifestLockResult.txt",
			);
			runOnlyForDeploymentPostprocessing = 0;
			shellPath = /bin/sh;
			shellScript = "diff \"${PODS_PODFILE_DIR_PATH}/Podfile.lock\" \"${PODS_ROOT}/Manifest.lock\" > /dev/null\nif [ $? != 0 ] ; then\n    # print error to STDERR\n    echo \"error: The sandbox is not in sync with the Podfile.lock. Run 'pod install' or update your CocoaPods installation.\" >&2\n    exit 1\nfi\n# This output is used by Xcode 'outputs' to avoid re-running this script phase.\necho \"SUCCESS\" > \"${SCRIPT_OUTPUT_FILE_0}\"\n";
			showEnvVarsInLog = 0;
		};
/* End PBXShellScriptBuildPhase section */

/* Begin PBXSourcesBuildPhase section */
		895DBD3122278447004964DD /* Sources */ = {
			isa = PBXSourcesBuildPhase;
			buildActionMask = 2147483647;
			files = (
				895DBD3D22278447004964DD /* ViewController.m in Sources */,
				895DBD4822278448004964DD /* main.m in Sources */,
				895DBD3A22278447004964DD /* AppDelegate.m in Sources */,
			);
			runOnlyForDeploymentPostprocessing = 0;
		};
		895DBD4922278448004964DD /* Sources */ = {
			isa = PBXSourcesBuildPhase;
			buildActionMask = 2147483647;
			files = (
				895DBD5222278448004964DD /* Z_DemoTests.m in Sources */,
			);
			runOnlyForDeploymentPostprocessing = 0;
		};
		895DBD5422278448004964DD /* Sources */ = {
			isa = PBXSourcesBuildPhase;
			buildActionMask = 2147483647;
			files = (
				895DBD5D22278448004964DD /* Z_DemoUITests.m in Sources */,
			);
			runOnlyForDeploymentPostprocessing = 0;
		};
/* End PBXSourcesBuildPhase section */

/* Begin PBXTargetDependency section */
		895DBD4F22278448004964DD /* PBXTargetDependency */ = {
			isa = PBXTargetDependency;
			target = 895DBD3422278447004964DD /* Z_Demo */;
			targetProxy = 895DBD4E22278448004964DD /* PBXContainerItemProxy */;
		};
		895DBD5A22278448004964DD /* PBXTargetDependency */ = {
			isa = PBXTargetDependency;
			target = 895DBD3422278447004964DD /* Z_Demo */;
			targetProxy = 895DBD5922278448004964DD /* PBXContainerItemProxy */;
		};
/* End PBXTargetDependency section */

/* Begin PBXVariantGroup section */
		895DBD3E22278447004964DD /* Main.storyboard */ = {
			isa = PBXVariantGroup;
			children = (
				895DBD3F22278447004964DD /* Base */,
			);
			name = Main.storyboard;
			sourceTree = "<group>";
		};
		895DBD4322278448004964DD /* LaunchScreen.storyboard */ = {
			isa = PBXVariantGroup;
			children = (
				895DBD4422278448004964DD /* Base */,
			);
			name = LaunchScreen.storyboard;
			sourceTree = "<group>";
		};
/* End PBXVariantGroup section */

/* Begin XCBuildConfiguration section */
		895DBD5F22278448004964DD /* Debug */ = {
			isa = XCBuildConfiguration;
			buildSettings = {
				ALWAYS_SEARCH_USER_PATHS = NO;
				CLANG_ANALYZER_NONNULL = YES;
				CLANG_ANALYZER_NUMBER_OBJECT_CONVERSION = YES_AGGRESSIVE;
				CLANG_CXX_LANGUAGE_STANDARD = "gnu++14";
				CLANG_CXX_LIBRARY = "libc++";
				CLANG_ENABLE_MODULES = YES;
				CLANG_ENABLE_OBJC_ARC = YES;
				CLANG_ENABLE_OBJC_WEAK = YES;
				CLANG_WARN_BLOCK_CAPTURE_AUTORELEASING = YES;
				CLANG_WARN_BOOL_CONVERSION = YES;
				CLANG_WARN_COMMA = YES;
				CLANG_WARN_CONSTANT_CONVERSION = YES;
				CLANG_WARN_DEPRECATED_OBJC_IMPLEMENTATIONS = YES;
				CLANG_WARN_DIRECT_OBJC_ISA_USAGE = YES_ERROR;
				CLANG_WARN_DOCUMENTATION_COMMENTS = YES;
				CLANG_WARN_EMPTY_BODY = YES;
				CLANG_WARN_ENUM_CONVERSION = YES;
				CLANG_WARN_INFINITE_RECURSION = YES;
				CLANG_WARN_INT_CONVERSION = YES;
				CLANG_WARN_NON_LITERAL_NULL_CONVERSION = YES;
				CLANG_WARN_OBJC_IMPLICIT_RETAIN_SELF = YES;
				CLANG_WARN_OBJC_LITERAL_CONVERSION = YES;
				CLANG_WARN_OBJC_ROOT_CLASS = YES_ERROR;
				CLANG_WARN_RANGE_LOOP_ANALYSIS = YES;
				CLANG_WARN_STRICT_PROTOTYPES = YES;
				CLANG_WARN_SUSPICIOUS_MOVE = YES;
				CLANG_WARN_UNGUARDED_AVAILABILITY = YES_AGGRESSIVE;
				CLANG_WARN_UNREACHABLE_CODE = YES;
				CLANG_WARN__DUPLICATE_METHOD_MATCH = YES;
				CODE_SIGN_IDENTITY = "iPhone Developer";
				COPY_PHASE_STRIP = NO;
				DEBUG_INFORMATION_FORMAT = dwarf;
				ENABLE_STRICT_OBJC_MSGSEND = YES;
				ENABLE_TESTABILITY = YES;
				GCC_C_LANGUAGE_STANDARD = gnu11;
				GCC_DYNAMIC_NO_PIC = NO;
				GCC_NO_COMMON_BLOCKS = YES;
				GCC_OPTIMIZATION_LEVEL = 0;
				GCC_PREPROCESSOR_DEFINITIONS = (
					"DEBUG=1",
					"$(inherited)",
				);
				GCC_WARN_64_TO_32_BIT_CONVERSION = YES;
				GCC_WARN_ABOUT_RETURN_TYPE = YES_ERROR;
				GCC_WARN_UNDECLARED_SELECTOR = YES;
				GCC_WARN_UNINITIALIZED_AUTOS = YES_AGGRESSIVE;
				GCC_WARN_UNUSED_FUNCTION = YES;
				GCC_WARN_UNUSED_VARIABLE = YES;
				IPHONEOS_DEPLOYMENT_TARGET = 12.1;
				MTL_ENABLE_DEBUG_INFO = INCLUDE_SOURCE;
				MTL_FAST_MATH = YES;
				ONLY_ACTIVE_ARCH = YES;
				SDKROOT = iphoneos;
			};
			name = Debug;
		};
		895DBD6022278448004964DD /* Release */ = {
			isa = XCBuildConfiguration;
			buildSettings = {
				ALWAYS_SEARCH_USER_PATHS = NO;
				CLANG_ANALYZER_NONNULL = YES;
				CLANG_ANALYZER_NUMBER_OBJECT_CONVERSION = YES_AGGRESSIVE;
				CLANG_CXX_LANGUAGE_STANDARD = "gnu++14";
				CLANG_CXX_LIBRARY = "libc++";
				CLANG_ENABLE_MODULES = YES;
				CLANG_ENABLE_OBJC_ARC = YES;
				CLANG_ENABLE_OBJC_WEAK = YES;
				CLANG_WARN_BLOCK_CAPTURE_AUTORELEASING = YES;
				CLANG_WARN_BOOL_CONVERSION = YES;
				CLANG_WARN_COMMA = YES;
				CLANG_WARN_CONSTANT_CONVERSION = YES;
				CLANG_WARN_DEPRECATED_OBJC_IMPLEMENTATIONS = YES;
				CLANG_WARN_DIRECT_OBJC_ISA_USAGE = YES_ERROR;
				CLANG_WARN_DOCUMENTATION_COMMENTS = YES;
				CLANG_WARN_EMPTY_BODY = YES;
				CLANG_WARN_ENUM_CONVERSION = YES;
				CLANG_WARN_INFINITE_RECURSION = YES;
				CLANG_WARN_INT_CONVERSION = YES;
				CLANG_WARN_NON_LITERAL_NULL_CONVERSION = YES;
				CLANG_WARN_OBJC_IMPLICIT_RETAIN_SELF = YES;
				CLANG_WARN_OBJC_LITERAL_CONVERSION = YES;
				CLANG_WARN_OBJC_ROOT_CLASS = YES_ERROR;
				CLANG_WARN_RANGE_LOOP_ANALYSIS = YES;
				CLANG_WARN_STRICT_PROTOTYPES = YES;
				CLANG_WARN_SUSPICIOUS_MOVE = YES;
				CLANG_WARN_UNGUARDED_AVAILABILITY = YES_AGGRESSIVE;
				CLANG_WARN_UNREACHABLE_CODE = YES;
				CLANG_WARN__DUPLICATE_METHOD_MATCH = YES;
				CODE_SIGN_IDENTITY = "iPhone Developer";
				COPY_PHASE_STRIP = NO;
				DEBUG_INFORMATION_FORMAT = "dwarf-with-dsym";
				ENABLE_NS_ASSERTIONS = NO;
				ENABLE_STRICT_OBJC_MSGSEND = YES;
				GCC_C_LANGUAGE_STANDARD = gnu11;
				GCC_NO_COMMON_BLOCKS = YES;
				GCC_WARN_64_TO_32_BIT_CONVERSION = YES;
				GCC_WARN_ABOUT_RETURN_TYPE = YES_ERROR;
				GCC_WARN_UNDECLARED_SELECTOR = YES;
				GCC_WARN_UNINITIALIZED_AUTOS = YES_AGGRESSIVE;
				GCC_WARN_UNUSED_FUNCTION = YES;
				GCC_WARN_UNUSED_VARIABLE = YES;
				IPHONEOS_DEPLOYMENT_TARGET = 12.1;
				MTL_ENABLE_DEBUG_INFO = NO;
				MTL_FAST_MATH = YES;
				SDKROOT = iphoneos;
				VALIDATE_PRODUCT = YES;
			};
			name = Release;
		};
		895DBD6222278448004964DD /* Debug */ = {
			isa = XCBuildConfiguration;
			baseConfigurationReference = 399CE5A72409CCB8BCBFD4FA /* Pods-Z_Demo.debug.xcconfig */;
			buildSettings = {
				ASSETCATALOG_COMPILER_APPICON_NAME = AppIcon;
				CODE_SIGN_STYLE = Automatic;
				DEVELOPMENT_TEAM = 854DEH8T28;
				INFOPLIST_FILE = Z_Demo/Info.plist;
				LD_RUNPATH_SEARCH_PATHS = (
					"$(inherited)",
					"@executable_path/Frameworks",
				);
				PRODUCT_BUNDLE_IDENTIFIER = "CcLxy.Z-Demo";
				PRODUCT_NAME = "$(TARGET_NAME)";
				TARGETED_DEVICE_FAMILY = "1,2";
			};
			name = Debug;
		};
		895DBD6322278448004964DD /* Release */ = {
			isa = XCBuildConfiguration;
			baseConfigurationReference = B8A755E2FC82B79CD9604E74 /* Pods-Z_Demo.release.xcconfig */;
			buildSettings = {
				ASSETCATALOG_COMPILER_APPICON_NAME = AppIcon;
				CODE_SIGN_STYLE = Automatic;
				DEVELOPMENT_TEAM = 854DEH8T28;
				INFOPLIST_FILE = Z_Demo/Info.plist;
				LD_RUNPATH_SEARCH_PATHS = (
					"$(inherited)",
					"@executable_path/Frameworks",
				);
				PRODUCT_BUNDLE_IDENTIFIER = "CcLxy.Z-Demo";
				PRODUCT_NAME = "$(TARGET_NAME)";
				TARGETED_DEVICE_FAMILY = "1,2";
			};
			name = Release;
		};
		895DBD6522278448004964DD /* Debug */ = {
			isa = XCBuildConfiguration;
			buildSettings = {
				BUNDLE_LOADER = "$(TEST_HOST)";
				CODE_SIGN_STYLE = Automatic;
				DEVELOPMENT_TEAM = 854DEH8T28;
				INFOPLIST_FILE = Z_DemoTests/Info.plist;
				LD_RUNPATH_SEARCH_PATHS = (
					"$(inherited)",
					"@executable_path/Frameworks",
					"@loader_path/Frameworks",
				);
				PRODUCT_BUNDLE_IDENTIFIER = "CcLxy.Z-DemoTests";
				PRODUCT_NAME = "$(TARGET_NAME)";
				TARGETED_DEVICE_FAMILY = "1,2";
				TEST_HOST = "$(BUILT_PRODUCTS_DIR)/Z_Demo.app/Z_Demo";
			};
			name = Debug;
		};
		895DBD6622278448004964DD /* Release */ = {
			isa = XCBuildConfiguration;
			buildSettings = {
				BUNDLE_LOADER = "$(TEST_HOST)";
				CODE_SIGN_STYLE = Automatic;
				DEVELOPMENT_TEAM = 854DEH8T28;
				INFOPLIST_FILE = Z_DemoTests/Info.plist;
				LD_RUNPATH_SEARCH_PATHS = (
					"$(inherited)",
					"@executable_path/Frameworks",
					"@loader_path/Frameworks",
				);
				PRODUCT_BUNDLE_IDENTIFIER = "CcLxy.Z-DemoTests";
				PRODUCT_NAME = "$(TARGET_NAME)";
				TARGETED_DEVICE_FAMILY = "1,2";
				TEST_HOST = "$(BUILT_PRODUCTS_DIR)/Z_Demo.app/Z_Demo";
			};
			name = Release;
		};
		895DBD6822278448004964DD /* Debug */ = {
			isa = XCBuildConfiguration;
			buildSettings = {
				CODE_SIGN_STYLE = Automatic;
				DEVELOPMENT_TEAM = 854DEH8T28;
				INFOPLIST_FILE = Z_DemoUITests/Info.plist;
				LD_RUNPATH_SEARCH_PATHS = (
					"$(inherited)",
					"@executable_path/Frameworks",
					"@loader_path/Frameworks",
				);
				PRODUCT_BUNDLE_IDENTIFIER = "CcLxy.Z-DemoUITests";
				PRODUCT_NAME = "$(TARGET_NAME)";
				TARGETED_DEVICE_FAMILY = "1,2";
				TEST_TARGET_NAME = Z_Demo;
			};
			name = Debug;
		};
		895DBD6922278448004964DD /* Release */ = {
			isa = XCBuildConfiguration;
			buildSettings = {
				CODE_SIGN_STYLE = Automatic;
				DEVELOPMENT_TEAM = 854DEH8T28;
				INFOPLIST_FILE = Z_DemoUITests/Info.plist;
				LD_RUNPATH_SEARCH_PATHS = (
					"$(inherited)",
					"@executable_path/Frameworks",
					"@loader_path/Frameworks",
				);
				PRODUCT_BUNDLE_IDENTIFIER = "CcLxy.Z-DemoUITests";
				PRODUCT_NAME = "$(TARGET_NAME)";
				TARGETED_DEVICE_FAMILY = "1,2";
				TEST_TARGET_NAME = Z_Demo;
			};
			name = Release;
		};
/* End XCBuildConfiguration section */

/* Begin XCConfigurationList section */
		895DBD3022278447004964DD /* Build configuration list for PBXProject "Z_Demo" */ = {
			isa = XCConfigurationList;
			buildConfigurations = (
				895DBD5F22278448004964DD /* Debug */,
				895DBD6022278448004964DD /* Release */,
			);
			defaultConfigurationIsVisible = 0;
			defaultConfigurationName = Release;
		};
		895DBD6122278448004964DD /* Build configuration list for PBXNativeTarget "Z_Demo" */ = {
			isa = XCConfigurationList;
			buildConfigurations = (
				895DBD6222278448004964DD /* Debug */,
				895DBD6322278448004964DD /* Release */,
			);
			defaultConfigurationIsVisible = 0;
			defaultConfigurationName = Release;
		};
		895DBD6422278448004964DD /* Build configuration list for PBXNativeTarget "Z_DemoTests" */ = {
			isa = XCConfigurationList;
			buildConfigurations = (
				895DBD6522278448004964DD /* Debug */,
				895DBD6622278448004964DD /* Release */,
			);
			defaultConfigurationIsVisible = 0;
			defaultConfigurationName = Release;
		};
		895DBD6722278448004964DD /* Build configuration list for PBXNativeTarget "Z_DemoUITests" */ = {
			isa = XCConfigurationList;
			buildConfigurations = (
				895DBD6822278448004964DD /* Debug */,
				895DBD6922278448004964DD /* Release */,
			);
			defaultConfigurationIsVisible = 0;
			defaultConfigurationName = Release;
		};
/* End XCConfigurationList section */
	};
	rootObject = 895DBD2D22278447004964DD /* Project object */;
}
